
Microsoft Visual Studio Solution File, Format Version 12.00
# Visual Studio Version 17
VisualStudioVersion = 17.7.34221.43
MinimumVisualStudioVersion = 10.0.40219.1
Project("{FAE04EC0-301F-11D3-BF4B-00C04F79EFBC}") = "MorseMaui", "MorseMaui\MorseMaui.csproj", "{42A94C48-EA8B-4641-AEBA-37B203354A59}"
EndProject
Global
	GlobalSection(SolutionConfigurationPlatforms) = preSolution
		Debug|Any CPU = Debug|Any CPU
		Release|Any CPU = Release|Any CPU
	EndGlobalSection
	GlobalSection(ProjectConfigurationPlatforms) = postSolution
		{42A94C48-EA8B-4641-AEBA-37B203354A59}.Debug|Any CPU.ActiveCfg = Debug|Any CPU
		{42A94C48-EA8B-4641-AEBA-37B203354A59}.Debug|Any CPU.Build.0 = Debug|Any CPU
		{42A94C48-EA8B-4641-AEBA-37B203354A59}.Debug|Any CPU.Deploy.0 = Debug|Any CPU
		{42A94C48-EA8B-4641-AEBA-37B203354A59}.Release|Any CPU.ActiveCfg = Release|Any CPU
		{42A94C48-EA8B-4641-AEBA-37B203354A59}.Release|Any CPU.Build.0 = Release|Any CPU
		{42A94C48-EA8B-4641-AEBA-37B203354A59}.Release|Any CPU.Deploy.0 = Release|Any CPU
	EndGlobalSection
	GlobalSection(SolutionProperties) = preSolution
		HideSolutionNode = FALSE
	EndGlobalSection
	GlobalSection(ExtensibilityGlobals) = postSolution
		SolutionGuid = {086CD79C-1186-411F-A64E-BE5C3361CAB0}
	EndGlobalSection
EndGlobal
